
Microsoft Visual Studio Solution File, Format Version 12.00
# Visual Studio Version 17
VisualStudioVersion = 17.9.34607.119
MinimumVisualStudioVersion = 10.0.40219.1
Project("{9A19103F-16F7-4668-BE54-9A1E7A4F7556}") = "AmersfoortBoardgameEmporium", "AmersfoortBoardgameEmporium.csproj", "{D8BDBE15-01A3-4747-956C-AD43AD6FA61B}"
EndProject
Global
	GlobalSection(SolutionConfigurationPlatforms) = preSolution
		Debug|Any CPU = Debug|Any CPU
		Release|Any CPU = Release|Any CPU
	EndGlobalSection
	GlobalSection(ProjectConfigurationPlatforms) = postSolution
		{D8BDBE15-01A3-4747-956C-AD43AD6FA61B}.Debug|Any CPU.ActiveCfg = Debug|Any CPU
		{D8BDBE15-01A3-4747-956C-AD43AD6FA61B}.Debug|Any CPU.Build.0 = Debug|Any CPU
		{D8BDBE15-01A3-4747-956C-AD43AD6FA61B}.Release|Any CPU.ActiveCfg = Release|Any CPU
		{D8BDBE15-01A3-4747-956C-AD43AD6FA61B}.Release|Any CPU.Build.0 = Release|Any CPU
	EndGlobalSection
	GlobalSection(SolutionProperties) = preSolution
		HideSolutionNode = FALSE
	EndGlobalSection
	GlobalSection(ExtensibilityGlobals) = postSolution
		SolutionGuid = {832E9544-7497-436E-B616-CD69DA5C5E81}
	EndGlobalSection
EndGlobal
